
Microsoft Visual Studio Solution File, Format Version 12.00
# Visual Studio Version 16
VisualStudioVersion = 16.0.30804.86
MinimumVisualStudioVersion = 10.0.40219.1
Project("{FAE04EC0-301F-11D3-BF4B-00C04F79EFBC}") = "FrmLogin", "FrmLogin\FrmLogin.csproj", "{1772BE13-C0AA-4D86-9034-7A3E36B6116B}"
EndProject
Global
	GlobalSection(SolutionConfigurationPlatforms) = preSolution
		Debug|Any CPU = Debug|Any CPU
		Release|Any CPU = Release|Any CPU
	EndGlobalSection
	GlobalSection(ProjectConfigurationPlatforms) = postSolution
		{1772BE13-C0AA-4D86-9034-7A3E36B6116B}.Debug|Any CPU.ActiveCfg = Debug|Any CPU
		{1772BE13-C0AA-4D86-9034-7A3E36B6116B}.Debug|Any CPU.Build.0 = Debug|Any CPU
		{1772BE13-C0AA-4D86-9034-7A3E36B6116B}.Release|Any CPU.ActiveCfg = Release|Any CPU
		{1772BE13-C0AA-4D86-9034-7A3E36B6116B}.Release|Any CPU.Build.0 = Release|Any CPU
	EndGlobalSection
	GlobalSection(SolutionProperties) = preSolution
		HideSolutionNode = FALSE
	EndGlobalSection
	GlobalSection(ExtensibilityGlobals) = postSolution
		SolutionGuid = {4B2377B6-4EA3-4218-9710-1E60CC401E2E}
	EndGlobalSection
EndGlobal
